// !$*UTF8*$!
{
	archiveVersion = 1;
	classes = {
	};
	objectVersion = 50;
	objects = {

/* Begin PBXBuildFile section */
		D50895B3208839980062E02C /* AppDelegate.m in Sources */ = {isa = PBXBuildFile; fileRef = D50895B2208839980062E02C /* AppDelegate.m */; };
		D50895B9208839980062E02C /* Main.storyboard in Resources */ = {isa = PBXBuildFile; fileRef = D50895B7208839980062E02C /* Main.storyboard */; };
		D50895BB208839990062E02C /* Assets.xcassets in Resources */ = {isa = PBXBuildFile; fileRef = D50895BA208839990062E02C /* Assets.xcassets */; };
		D50895BE208839990062E02C /* LaunchScreen.storyboard in Resources */ = {isa = PBXBuildFile; fileRef = D50895BC208839990062E02C /* LaunchScreen.storyboard */; };
		D50895C1208839990062E02C /* main.m in Sources */ = {isa = PBXBuildFile; fileRef = D50895C0208839990062E02C /* main.m */; };
		D50895CA20883A380062E02C /* ViewController.m in Sources */ = {isa = PBXBuildFile; fileRef = D50895C820883A380062E02C /* ViewController.m */; };
		D50895D1208844DD0062E02C /* GGZoomCollectionViewLayout.m in Sources */ = {isa = PBXBuildFile; fileRef = D50895D0208844DD0062E02C /* GGZoomCollectionViewLayout.m */; };
		D50895D4208845FB0062E02C /* GGCollectionViewHelper.m in Sources */ = {isa = PBXBuildFile; fileRef = D50895D3208845FB0062E02C /* GGCollectionViewHelper.m */; };
/* End PBXBuildFile section */

/* Begin PBXFileReference section */
		D50895AE208839980062E02C /* GGZoomCollectionCellDome.app */ = {isa = PBXFileReference; explicitFileType = wrapper.application; includeInIndex = 0; path = GGZoomCollectionCellDome.app; sourceTree = BUILT_PRODUCTS_DIR; };
		D50895B1208839980062E02C /* AppDelegate.h */ = {isa = PBXFileReference; lastKnownFileType = sourcecode.c.h; path = AppDelegate.h; sourceTree = "<group>"; };
		D50895B2208839980062E02C /* AppDelegate.m */ = {isa = PBXFileReference; lastKnownFileType = sourcecode.c.objc; path = AppDelegate.m; sourceTree = "<group>"; };
		D50895B8208839980062E02C /* Base */ = {isa = PBXFileReference; lastKnownFileType = file.storyboard; name = Base; path = Base.lproj/Main.storyboard; sourceTree = "<group>"; };
		D50895BA208839990062E02C /* Assets.xcassets */ = {isa = PBXFileReference; lastKnownFileType = folder.assetcatalog; path = Assets.xcassets; sourceTree = "<group>"; };
		D50895BD208839990062E02C /* Base */ = {isa = PBXFileReference; lastKnownFileType = file.storyboard; name = Base; path = Base.lproj/LaunchScreen.storyboard; sourceTree = "<group>"; };
		D50895BF208839990062E02C /* Info.plist */ = {isa = PBXFileReference; lastKnownFileType = text.plist.xml; path = Info.plist; sourceTree = "<group>"; };
		D50895C0208839990062E02C /* main.m */ = {isa = PBXFileReference; lastKnownFileType = sourcecode.c.objc; path = main.m; sourceTree = "<group>"; };
		D50895C820883A380062E02C /* ViewController.m */ = {isa = PBXFileReference; fileEncoding = 4; lastKnownFileType = sourcecode.c.objc; path = ViewController.m; sourceTree = "<group>"; };
		D50895C920883A380062E02C /* ViewController.h */ = {isa = PBXFileReference; fileEncoding = 4; lastKnownFileType = sourcecode.c.h; path = ViewController.h; sourceTree = "<group>"; };
		D50895CF208844DD0062E02C /* GGZoomCollectionViewLayout.h */ = {isa = PBXFileReference; lastKnownFileType = sourcecode.c.h; path = GGZoomCollectionViewLayout.h; sourceTree = "<group>"; };
		D50895D0208844DD0062E02C /* GGZoomCollectionViewLayout.m */ = {isa = PBXFileReference; lastKnownFileType = sourcecode.c.objc; path = GGZoomCollectionViewLayout.m; sourceTree = "<group>"; };
		D50895D2208845FB0062E02C /* GGCollectionViewHelper.h */ = {isa = PBXFileReference; lastKnownFileType = sourcecode.c.h; path = GGCollectionViewHelper.h; sourceTree = "<group>"; };
		D50895D3208845FB0062E02C /* GGCollectionViewHelper.m */ = {isa = PBXFileReference; lastKnownFileType = sourcecode.c.objc; path = GGCollectionViewHelper.m; sourceTree = "<group>"; };
/* End PBXFileReference section */

/* Begin PBXFrameworksBuildPhase section */
		D50895AB208839980062E02C /* Frameworks */ = {
			isa = PBXFrameworksBuildPhase;
			buildActionMask = 2147483647;
			files = (
			);
			runOnlyForDeploymentPostprocessing = 0;
		};
/* End PBXFrameworksBuildPhase section */

/* Begin PBXGroup section */
		D50895A5208839980062E02C = {
			isa = PBXGroup;
			children = (
				D50895B0208839980062E02C /* GGZoomCollectionCellDome */,
				D50895AF208839980062E02C /* Products */,
			);
			sourceTree = "<group>";
		};
		D50895AF208839980062E02C /* Products */ = {
			isa = PBXGroup;
			children = (
				D50895AE208839980062E02C /* GGZoomCollectionCellDome.app */,
			);
			name = Products;
			sourceTree = "<group>";
		};
		D50895B0208839980062E02C /* GGZoomCollectionCellDome */ = {
			isa = PBXGroup;
			children = (
				D50895C720883A380062E02C /* Scene */,
				D50895CD20883A500062E02C /* C */,
				D50895CB20883A500062E02C /* V */,
				D50895CC20883A500062E02C /* M */,
				D50895B1208839980062E02C /* AppDelegate.h */,
				D50895B2208839980062E02C /* AppDelegate.m */,
				D50895BA208839990062E02C /* Assets.xcassets */,
				D50895BC208839990062E02C /* LaunchScreen.storyboard */,
				D50895BF208839990062E02C /* Info.plist */,
				D50895C0208839990062E02C /* main.m */,
			);
			path = GGZoomCollectionCellDome;
			sourceTree = "<group>";
		};
		D50895C720883A380062E02C /* Scene */ = {
			isa = PBXGroup;
			children = (
				D50895C920883A380062E02C /* ViewController.h */,
				D50895C820883A380062E02C /* ViewController.m */,
				D50895B7208839980062E02C /* Main.storyboard */,
			);
			path = Scene;
			sourceTree = "<group>";
		};
		D50895CB20883A500062E02C /* V */ = {
			isa = PBXGroup;
			children = (
			);
			path = V;
			sourceTree = "<group>";
		};
		D50895CC20883A500062E02C /* M */ = {
			isa = PBXGroup;
			children = (
			);
			path = M;
			sourceTree = "<group>";
		};
		D50895CD20883A500062E02C /* C */ = {
			isa = PBXGroup;
			children = (
				D50895D2208845FB0062E02C /* GGCollectionViewHelper.h */,
				D50895D3208845FB0062E02C /* GGCollectionViewHelper.m */,
				D50895CF208844DD0062E02C /* GGZoomCollectionViewLayout.h */,
				D50895D0208844DD0062E02C /* GGZoomCollectionViewLayout.m */,
			);
			path = C;
			sourceTree = "<group>";
		};
/* End PBXGroup section */

/* Begin PBXNativeTarget section */
		D50895AD208839980062E02C /* GGZoomCollectionCellDome */ = {
			isa = PBXNativeTarget;
			buildConfigurationList = D50895C4208839990062E02C /* Build configuration list for PBXNativeTarget "GGZoomCollectionCellDome" */;
			buildPhases = (
				D50895AA208839980062E02C /* Sources */,
				D50895AB208839980062E02C /* Frameworks */,
				D50895AC208839980062E02C /* Resources */,
			);
			buildRules = (
			);
			dependencies = (
			);
			name = GGZoomCollectionCellDome;
			productName = GGZoomCollectionCellDome;
			productReference = D50895AE208839980062E02C /* GGZoomCollectionCellDome.app */;
			productType = "com.apple.product-type.application";
		};
/* End PBXNativeTarget section */

/* Begin PBXProject section */
		D50895A6208839980062E02C /* Project object */ = {
			isa = PBXProject;
			attributes = {
				LastUpgradeCheck = 0930;
				ORGANIZATIONNAME = LGQ;
				TargetAttributes = {
					D50895AD208839980062E02C = {
						CreatedOnToolsVersion = 9.3;
					};
				};
			};
			buildConfigurationList = D50895A9208839980062E02C /* Build configuration list for PBXProject "GGZoomCollectionCellDome" */;
			compatibilityVersion = "Xcode 9.3";
			developmentRegion = en;
			hasScannedForEncodings = 0;
			knownRegions = (
				en,
				Base,
			);
			mainGroup = D50895A5208839980062E02C;
			productRefGroup = D50895AF208839980062E02C /* Products */;
			projectDirPath = "";
			projectRoot = "";
			targets = (
				D50895AD208839980062E02C /* GGZoomCollectionCellDome */,
			);
		};
/* End PBXProject section */

/* Begin PBXResourcesBuildPhase section */
		D50895AC208839980062E02C /* Resources */ = {
			isa = PBXResourcesBuildPhase;
			buildActionMask = 2147483647;
			files = (
				D50895BE208839990062E02C /* LaunchScreen.storyboard in Resources */,
				D50895BB208839990062E02C /* Assets.xcassets in Resources */,
				D50895B9208839980062E02C /* Main.storyboard in Resources */,
			);
			runOnlyForDeploymentPostprocessing = 0;
		};
/* End PBXResourcesBuildPhase section */

/* Begin PBXSourcesBuildPhase section */
		D50895AA208839980062E02C /* Sources */ = {
			isa = PBXSourcesBuildPhase;
			buildActionMask = 2147483647;
			files = (
				D50895D4208845FB0062E02C /* GGCollectionViewHelper.m in Sources */,
				D50895C1208839990062E02C /* main.m in Sources */,
				D50895CA20883A380062E02C /* ViewController.m in Sources */,
				D50895B3208839980062E02C /* AppDelegate.m in Sources */,
				D50895D1208844DD0062E02C /* GGZoomCollectionViewLayout.m in Sources */,
			);
			runOnlyForDeploymentPostprocessing = 0;
		};
/* End PBXSourcesBuildPhase section */

/* Begin PBXVariantGroup section */
		D50895B7208839980062E02C /* Main.storyboard */ = {
			isa = PBXVariantGroup;
			children = (
				D50895B8208839980062E02C /* Base */,
			);
			name = Main.storyboard;
			sourceTree = "<group>";
		};
		D50895BC208839990062E02C /* LaunchScreen.storyboard */ = {
			isa = PBXVariantGroup;
			children = (
				D50895BD208839990062E02C /* Base */,
			);
			name = LaunchScreen.storyboard;
			sourceTree = "<group>";
		};
/* End PBXVariantGroup section */

/* Begin XCBuildConfiguration section */
		D50895C2208839990062E02C /* Debug */ = {
			isa = XCBuildConfiguration;
			buildSettings = {
				ALWAYS_SEARCH_USER_PATHS = NO;
				CLANG_ANALYZER_NONNULL = YES;
				CLANG_ANALYZER_NUMBER_OBJECT_CONVERSION = YES_AGGRESSIVE;
				CLANG_CXX_LANGUAGE_STANDARD = "gnu++14";
				CLANG_CXX_LIBRARY = "libc++";
				CLANG_ENABLE_MODULES = YES;
				CLANG_ENABLE_OBJC_ARC = YES;
				CLANG_ENABLE_OBJC_WEAK = YES;
				CLANG_WARN_BLOCK_CAPTURE_AUTORELEASING = YES;
				CLANG_WARN_BOOL_CONVERSION = YES;
				CLANG_WARN_COMMA = YES;
				CLANG_WARN_CONSTANT_CONVERSION = YES;
				CLANG_WARN_DEPRECATED_OBJC_IMPLEMENTATIONS = YES;
				CLANG_WARN_DIRECT_OBJC_ISA_USAGE = YES_ERROR;
				CLANG_WARN_DOCUMENTATION_COMMENTS = YES;
				CLANG_WARN_EMPTY_BODY = YES;
				CLANG_WARN_ENUM_CONVERSION = YES;
				CLANG_WARN_INFINITE_RECURSION = YES;
				CLANG_WARN_INT_CONVERSION = YES;
				CLANG_WARN_NON_LITERAL_NULL_CONVERSION = YES;
				CLANG_WARN_OBJC_IMPLICIT_RETAIN_SELF = YES;
				CLANG_WARN_OBJC_LITERAL_CONVERSION = YES;
				CLANG_WARN_OBJC_ROOT_CLASS = YES_ERROR;
				CLANG_WARN_RANGE_LOOP_ANALYSIS = YES;
				CLANG_WARN_STRICT_PROTOTYPES = YES;
				CLANG_WARN_SUSPICIOUS_MOVE = YES;
				CLANG_WARN_UNGUARDED_AVAILABILITY = YES_AGGRESSIVE;
				CLANG_WARN_UNREACHABLE_CODE = YES;
				CLANG_WARN__DUPLICATE_METHOD_MATCH = YES;
				CODE_SIGN_IDENTITY = "iPhone Developer";
				COPY_PHASE_STRIP = NO;
				DEBUG_INFORMATION_FORMAT = dwarf;
				ENABLE_STRICT_OBJC_MSGSEND = YES;
				ENABLE_TESTABILITY = YES;
				GCC_C_LANGUAGE_STANDARD = gnu11;
				GCC_DYNAMIC_NO_PIC = NO;
				GCC_NO_COMMON_BLOCKS = YES;
				GCC_OPTIMIZATION_LEVEL = 0;
				GCC_PREPROCESSOR_DEFINITIONS = (
					"DEBUG=1",
					"$(inherited)",
				);
				GCC_WARN_64_TO_32_BIT_CONVERSION = YES;
				GCC_WARN_ABOUT_RETURN_TYPE = YES_ERROR;
				GCC_WARN_UNDECLARED_SELECTOR = YES;
				GCC_WARN_UNINITIALIZED_AUTOS = YES_AGGRESSIVE;
				GCC_WARN_UNUSED_FUNCTION = YES;
				GCC_WARN_UNUSED_VARIABLE = YES;
				IPHONEOS_DEPLOYMENT_TARGET = 11.3;
				MTL_ENABLE_DEBUG_INFO = YES;
				ONLY_ACTIVE_ARCH = YES;
				SDKROOT = iphoneos;
			};
			name = Debug;
		};
		D50895C3208839990062E02C /* Release */ = {
			isa = XCBuildConfiguration;
			buildSettings = {
				ALWAYS_SEARCH_USER_PATHS = NO;
				CLANG_ANALYZER_NONNULL = YES;
				CLANG_ANALYZER_NUMBER_OBJECT_CONVERSION = YES_AGGRESSIVE;
				CLANG_CXX_LANGUAGE_STANDARD = "gnu++14";
				CLANG_CXX_LIBRARY = "libc++";
				CLANG_ENABLE_MODULES = YES;
				CLANG_ENABLE_OBJC_ARC = YES;
				CLANG_ENABLE_OBJC_WEAK = YES;
				CLANG_WARN_BLOCK_CAPTURE_AUTORELEASING = YES;
				CLANG_WARN_BOOL_CONVERSION = YES;
				CLANG_WARN_COMMA = YES;
				CLANG_WARN_CONSTANT_CONVERSION = YES;
				CLANG_WARN_DEPRECATED_OBJC_IMPLEMENTATIONS = YES;
				CLANG_WARN_DIRECT_OBJC_ISA_USAGE = YES_ERROR;
				CLANG_WARN_DOCUMENTATION_COMMENTS = YES;
				CLANG_WARN_EMPTY_BODY = YES;
				CLANG_WARN_ENUM_CONVERSION = YES;
				CLANG_WARN_INFINITE_RECURSION = YES;
				CLANG_WARN_INT_CONVERSION = YES;
				CLANG_WARN_NON_LITERAL_NULL_CONVERSION = YES;
				CLANG_WARN_OBJC_IMPLICIT_RETAIN_SELF = YES;
				CLANG_WARN_OBJC_LITERAL_CONVERSION = YES;
				CLANG_WARN_OBJC_ROOT_CLASS = YES_ERROR;
				CLANG_WARN_RANGE_LOOP_ANALYSIS = YES;
				CLANG_WARN_STRICT_PROTOTYPES = YES;
				CLANG_WARN_SUSPICIOUS_MOVE = YES;
				CLANG_WARN_UNGUARDED_AVAILABILITY = YES_AGGRESSIVE;
				CLANG_WARN_UNREACHABLE_CODE = YES;
				CLANG_WARN__DUPLICATE_METHOD_MATCH = YES;
				CODE_SIGN_IDENTITY = "iPhone Developer";
				COPY_PHASE_STRIP = NO;
				DEBUG_INFORMATION_FORMAT = "dwarf-with-dsym";
				ENABLE_NS_ASSERTIONS = NO;
				ENABLE_STRICT_OBJC_MSGSEND = YES;
				GCC_C_LANGUAGE_STANDARD = gnu11;
				GCC_NO_COMMON_BLOCKS = YES;
				GCC_WARN_64_TO_32_BIT_CONVERSION = YES;
				GCC_WARN_ABOUT_RETURN_TYPE = YES_ERROR;
				GCC_WARN_UNDECLARED_SELECTOR = YES;
				GCC_WARN_UNINITIALIZED_AUTOS = YES_AGGRESSIVE;
				GCC_WARN_UNUSED_FUNCTION = YES;
				GCC_WARN_UNUSED_VARIABLE = YES;
				IPHONEOS_DEPLOYMENT_TARGET = 11.3;
				MTL_ENABLE_DEBUG_INFO = NO;
				SDKROOT = iphoneos;
				VALIDATE_PRODUCT = YES;
			};
			name = Release;
		};
		D50895C5208839990062E02C /* Debug */ = {
			isa = XCBuildConfiguration;
			buildSettings = {
				ASSETCATALOG_COMPILER_APPICON_NAME = AppIcon;
				CODE_SIGN_STYLE = Automatic;
				DEVELOPMENT_TEAM = 78UG2H9V45;
				INFOPLIST_FILE = GGZoomCollectionCellDome/Info.plist;
				LD_RUNPATH_SEARCH_PATHS = (
					"$(inherited)",
					"@executable_path/Frameworks",
				);
				PRODUCT_BUNDLE_IDENTIFIER = com.GGZoomCollectionCellDome;
				PRODUCT_NAME = "$(TARGET_NAME)";
				TARGETED_DEVICE_FAMILY = "1,2";
			};
			name = Debug;
		};
		D50895C6208839990062E02C /* Release */ = {
			isa = XCBuildConfiguration;
			buildSettings = {
				ASSETCATALOG_COMPILER_APPICON_NAME = AppIcon;
				CODE_SIGN_STYLE = Automatic;
				DEVELOPMENT_TEAM = 78UG2H9V45;
				INFOPLIST_FILE = GGZoomCollectionCellDome/Info.plist;
				LD_RUNPATH_SEARCH_PATHS = (
					"$(inherited)",
					"@executable_path/Frameworks",
				);
				PRODUCT_BUNDLE_IDENTIFIER = com.GGZoomCollectionCellDome;
				PRODUCT_NAME = "$(TARGET_NAME)";
				TARGETED_DEVICE_FAMILY = "1,2";
			};
			name = Release;
		};
/* End XCBuildConfiguration section */

/* Begin XCConfigurationList section */
		D50895A9208839980062E02C /* Build configuration list for PBXProject "GGZoomCollectionCellDome" */ = {
			isa = XCConfigurationList;
			buildConfigurations = (
				D50895C2208839990062E02C /* Debug */,
				D50895C3208839990062E02C /* Release */,
			);
			defaultConfigurationIsVisible = 0;
			defaultConfigurationName = Release;
		};
		D50895C4208839990062E02C /* Build configuration list for PBXNativeTarget "GGZoomCollectionCellDome" */ = {
			isa = XCConfigurationList;
			buildConfigurations = (
				D50895C5208839990062E02C /* Debug */,
				D50895C6208839990062E02C /* Release */,
			);
			defaultConfigurationIsVisible = 0;
			defaultConfigurationName = Release;
		};
/* End XCConfigurationList section */
	};
	rootObject = D50895A6208839980062E02C /* Project object */;
}
